
Microsoft Visual Studio Solution File, Format Version 12.00
# Visual Studio Version 17
VisualStudioVersion = 17.11.35208.52
MinimumVisualStudioVersion = 10.0.40219.1
Project("{9A19103F-16F7-4668-BE54-9A1E7A4F7556}") = "GrasshopperScripts", "GrasshopperScripts.csproj", "{FBBB0F05-FEAF-423B-A750-FC178AFAE98F}"
EndProject
Global
	GlobalSection(SolutionConfigurationPlatforms) = preSolution
		Debug|Any CPU = Debug|Any CPU
		Release|Any CPU = Release|Any CPU
	EndGlobalSection
	GlobalSection(ProjectConfigurationPlatforms) = postSolution
		{FBBB0F05-FEAF-423B-A750-FC178AFAE98F}.Debug|Any CPU.ActiveCfg = Debug|Any CPU
		{FBBB0F05-FEAF-423B-A750-FC178AFAE98F}.Debug|Any CPU.Build.0 = Debug|Any CPU
		{FBBB0F05-FEAF-423B-A750-FC178AFAE98F}.Release|Any CPU.ActiveCfg = Release|Any CPU
		{FBBB0F05-FEAF-423B-A750-FC178AFAE98F}.Release|Any CPU.Build.0 = Release|Any CPU
	EndGlobalSection
	GlobalSection(SolutionProperties) = preSolution
		HideSolutionNode = FALSE
	EndGlobalSection
	GlobalSection(ExtensibilityGlobals) = postSolution
		SolutionGuid = {1037ECD9-478F-428C-9696-9AB05D2D72EA}
	EndGlobalSection
EndGlobal
